
Microsoft Visual Studio Solution File, Format Version 12.00
# Visual Studio Version 17
VisualStudioVersion = 17.8.34330.188
MinimumVisualStudioVersion = 10.0.40219.1
Project("{FAE04EC0-301F-11D3-BF4B-00C04F79EFBC}") = "TestDevsApp", "TestDevsApp\TestDevsApp.csproj", "{4891DFF7-952A-47DB-8015-B764361132C0}"
EndProject
Global
	GlobalSection(SolutionConfigurationPlatforms) = preSolution
		Debug|Any CPU = Debug|Any CPU
		Release|Any CPU = Release|Any CPU
	EndGlobalSection
	GlobalSection(ProjectConfigurationPlatforms) = postSolution
		{4891DFF7-952A-47DB-8015-B764361132C0}.Debug|Any CPU.ActiveCfg = Debug|Any CPU
		{4891DFF7-952A-47DB-8015-B764361132C0}.Debug|Any CPU.Build.0 = Debug|Any CPU
		{4891DFF7-952A-47DB-8015-B764361132C0}.Release|Any CPU.ActiveCfg = Release|Any CPU
		{4891DFF7-952A-47DB-8015-B764361132C0}.Release|Any CPU.Build.0 = Release|Any CPU
	EndGlobalSection
	GlobalSection(SolutionProperties) = preSolution
		HideSolutionNode = FALSE
	EndGlobalSection
	GlobalSection(ExtensibilityGlobals) = postSolution
		SolutionGuid = {88298D95-AC11-4599-8000-D754796C5D9A}
	EndGlobalSection
EndGlobal
